
Microsoft Visual Studio Solution File, Format Version 12.00
# Visual Studio Version 17
VisualStudioVersion = 17.9.34902.65
MinimumVisualStudioVersion = 10.0.40219.1
Project("{FAE04EC0-301F-11D3-BF4B-00C04F79EFBC}") = "CustomerRankWeb", "CustomerRankWeb\CustomerRankWeb.csproj", "{89EBC78B-AFA4-4010-9B52-A2C7EA0B8DBE}"
EndProject
Global
	GlobalSection(SolutionConfigurationPlatforms) = preSolution
		Debug|Any CPU = Debug|Any CPU
		Release|Any CPU = Release|Any CPU
	EndGlobalSection
	GlobalSection(ProjectConfigurationPlatforms) = postSolution
		{89EBC78B-AFA4-4010-9B52-A2C7EA0B8DBE}.Debug|Any CPU.ActiveCfg = Debug|Any CPU
		{89EBC78B-AFA4-4010-9B52-A2C7EA0B8DBE}.Debug|Any CPU.Build.0 = Debug|Any CPU
		{89EBC78B-AFA4-4010-9B52-A2C7EA0B8DBE}.Release|Any CPU.ActiveCfg = Release|Any CPU
		{89EBC78B-AFA4-4010-9B52-A2C7EA0B8DBE}.Release|Any CPU.Build.0 = Release|Any CPU
	EndGlobalSection
	GlobalSection(SolutionProperties) = preSolution
		HideSolutionNode = FALSE
	EndGlobalSection
	GlobalSection(ExtensibilityGlobals) = postSolution
		SolutionGuid = {C33C3DCF-2B86-42AA-9540-BBCB2CCF032F}
	EndGlobalSection
EndGlobal
